
Microsoft Visual Studio Solution File, Format Version 12.00
# Visual Studio Version 17
VisualStudioVersion = 17.10.35122.118
MinimumVisualStudioVersion = 10.0.40219.1
Project("{FAE04EC0-301F-11D3-BF4B-00C04F79EFBC}") = "Route.C42.G04.PL", "Route.C42.G04.PL\Route.C42.G04.PL.csproj", "{ABAE026F-CCA5-4CA0-9CAC-5F3C46F24DC3}"
EndProject
Project("{FAE04EC0-301F-11D3-BF4B-00C04F79EFBC}") = "Route.C42.G04.DAL", "Route.C42.G04.DAL\Route.C42.G04.DAL.csproj", "{8773FE02-6F2F-46F7-B8A2-9C15D204ED6A}"
EndProject
Project("{FAE04EC0-301F-11D3-BF4B-00C04F79EFBC}") = "Route.C42.G04.BLL", "Route.C42.G04.BLL\Route.C42.G04.BLL.csproj", "{9C92DEC4-5BF7-405F-8067-01B5F54EE874}"
EndProject
Global
	GlobalSection(SolutionConfigurationPlatforms) = preSolution
		Debug|Any CPU = Debug|Any CPU
		Release|Any CPU = Release|Any CPU
	EndGlobalSection
	GlobalSection(ProjectConfigurationPlatforms) = postSolution
		{ABAE026F-CCA5-4CA0-9CAC-5F3C46F24DC3}.Debug|Any CPU.ActiveCfg = Debug|Any CPU
		{ABAE026F-CCA5-4CA0-9CAC-5F3C46F24DC3}.Debug|Any CPU.Build.0 = Debug|Any CPU
		{ABAE026F-CCA5-4CA0-9CAC-5F3C46F24DC3}.Release|Any CPU.ActiveCfg = Release|Any CPU
		{ABAE026F-CCA5-4CA0-9CAC-5F3C46F24DC3}.Release|Any CPU.Build.0 = Release|Any CPU
		{8773FE02-6F2F-46F7-B8A2-9C15D204ED6A}.Debug|Any CPU.ActiveCfg = Debug|Any CPU
		{8773FE02-6F2F-46F7-B8A2-9C15D204ED6A}.Debug|Any CPU.Build.0 = Debug|Any CPU
		{8773FE02-6F2F-46F7-B8A2-9C15D204ED6A}.Release|Any CPU.ActiveCfg = Release|Any CPU
		{8773FE02-6F2F-46F7-B8A2-9C15D204ED6A}.Release|Any CPU.Build.0 = Release|Any CPU
		{9C92DEC4-5BF7-405F-8067-01B5F54EE874}.Debug|Any CPU.ActiveCfg = Debug|Any CPU
		{9C92DEC4-5BF7-405F-8067-01B5F54EE874}.Debug|Any CPU.Build.0 = Debug|Any CPU
		{9C92DEC4-5BF7-405F-8067-01B5F54EE874}.Release|Any CPU.ActiveCfg = Release|Any CPU
		{9C92DEC4-5BF7-405F-8067-01B5F54EE874}.Release|Any CPU.Build.0 = Release|Any CPU
	EndGlobalSection
	GlobalSection(SolutionProperties) = preSolution
		HideSolutionNode = FALSE
	EndGlobalSection
	GlobalSection(ExtensibilityGlobals) = postSolution
		SolutionGuid = {F4268FCF-A118-4B6B-8F15-C23674532ABE}
	EndGlobalSection
EndGlobal
